
Microsoft Visual Studio Solution File, Format Version 11.00
# Visual C# Express 2010
Project("{FAE04EC0-301F-11D3-BF4B-00C04F79EFBC}") = "TileGame", "TileGame\TileGame\TileGame.csproj", "{F1D33F71-9861-4F91-A567-E3BDF3400FDA}"
EndProject
Project("{FAE04EC0-301F-11D3-BF4B-00C04F79EFBC}") = "TileGameContent", "TileGame\TileGameContent\TileGameContent.contentproj", "{6EDA4D1B-FF17-45F8-9B9F-B23CE08549FB}"
EndProject
Project("{FAE04EC0-301F-11D3-BF4B-00C04F79EFBC}") = "TileEngine", "TileEngine\TileEngine.csproj", "{B0F4F1C4-50D3-42F1-833E-70D8D64C7D6F}"
EndProject
Project("{FAE04EC0-301F-11D3-BF4B-00C04F79EFBC}") = "TileEditor", "TileEditor\TileEditor.csproj", "{F5E6362E-BA51-42EF-8132-A3A6346ED0C4}"
EndProject
Project("{FAE04EC0-301F-11D3-BF4B-00C04F79EFBC}") = "TileContent", "TileContent\TileContent.csproj", "{5D455E1A-CAD6-4B96-8B31-EB0ED6B9E504}"
EndProject
Global
	GlobalSection(SolutionConfigurationPlatforms) = preSolution
		Debug|x86 = Debug|x86
		Release|x86 = Release|x86
	EndGlobalSection
	GlobalSection(ProjectConfigurationPlatforms) = postSolution
		{F1D33F71-9861-4F91-A567-E3BDF3400FDA}.Debug|x86.ActiveCfg = Debug|x86
		{F1D33F71-9861-4F91-A567-E3BDF3400FDA}.Debug|x86.Build.0 = Debug|x86
		{F1D33F71-9861-4F91-A567-E3BDF3400FDA}.Release|x86.ActiveCfg = Release|x86
		{F1D33F71-9861-4F91-A567-E3BDF3400FDA}.Release|x86.Build.0 = Release|x86
		{6EDA4D1B-FF17-45F8-9B9F-B23CE08549FB}.Debug|x86.ActiveCfg = Debug|x86
		{6EDA4D1B-FF17-45F8-9B9F-B23CE08549FB}.Release|x86.ActiveCfg = Release|x86
		{B0F4F1C4-50D3-42F1-833E-70D8D64C7D6F}.Debug|x86.ActiveCfg = Debug|x86
		{B0F4F1C4-50D3-42F1-833E-70D8D64C7D6F}.Debug|x86.Build.0 = Debug|x86
		{B0F4F1C4-50D3-42F1-833E-70D8D64C7D6F}.Release|x86.ActiveCfg = Release|x86
		{B0F4F1C4-50D3-42F1-833E-70D8D64C7D6F}.Release|x86.Build.0 = Release|x86
		{F5E6362E-BA51-42EF-8132-A3A6346ED0C4}.Debug|x86.ActiveCfg = Debug|x86
		{F5E6362E-BA51-42EF-8132-A3A6346ED0C4}.Debug|x86.Build.0 = Debug|x86
		{F5E6362E-BA51-42EF-8132-A3A6346ED0C4}.Release|x86.ActiveCfg = Release|x86
		{F5E6362E-BA51-42EF-8132-A3A6346ED0C4}.Release|x86.Build.0 = Release|x86
		{5D455E1A-CAD6-4B96-8B31-EB0ED6B9E504}.Debug|x86.ActiveCfg = Debug|x86
		{5D455E1A-CAD6-4B96-8B31-EB0ED6B9E504}.Debug|x86.Build.0 = Debug|x86
		{5D455E1A-CAD6-4B96-8B31-EB0ED6B9E504}.Release|x86.ActiveCfg = Debug|x86
		{5D455E1A-CAD6-4B96-8B31-EB0ED6B9E504}.Release|x86.Build.0 = Debug|x86
	EndGlobalSection
	GlobalSection(SolutionProperties) = preSolution
		HideSolutionNode = FALSE
	EndGlobalSection
EndGlobal
